// !$*UTF8*$!
{
	archiveVersion = 1;
	classes = {
	};
	objectVersion = 50;
	objects = {

/* Begin PBXBuildFile section */
		04D249162079C51900EBD1BE /* AppDelegate.m in Sources */ = {isa = PBXBuildFile; fileRef = 04D249152079C51900EBD1BE /* AppDelegate.m */; };
		04D249192079C51A00EBD1BE /* ViewController.m in Sources */ = {isa = PBXBuildFile; fileRef = 04D249182079C51A00EBD1BE /* ViewController.m */; };
		04D2491C2079C51A00EBD1BE /* Main.storyboard in Resources */ = {isa = PBXBuildFile; fileRef = 04D2491A2079C51A00EBD1BE /* Main.storyboard */; };
		04D2491E2079C51B00EBD1BE /* Assets.xcassets in Resources */ = {isa = PBXBuildFile; fileRef = 04D2491D2079C51B00EBD1BE /* Assets.xcassets */; };
		04D249212079C51B00EBD1BE /* LaunchScreen.storyboard in Resources */ = {isa = PBXBuildFile; fileRef = 04D2491F2079C51B00EBD1BE /* LaunchScreen.storyboard */; };
		04D249242079C51B00EBD1BE /* main.m in Sources */ = {isa = PBXBuildFile; fileRef = 04D249232079C51B00EBD1BE /* main.m */; };
		04D249852079C77800EBD1BE /* UIImage+Antialias.m in Sources */ = {isa = PBXBuildFile; fileRef = 04D249602079C77800EBD1BE /* UIImage+Antialias.m */; };
		04D249862079C77800EBD1BE /* UIImage+Rotate.m in Sources */ = {isa = PBXBuildFile; fileRef = 04D249642079C77800EBD1BE /* UIImage+Rotate.m */; };
		04D249872079C77800EBD1BE /* UIImage+ReSize.m in Sources */ = {isa = PBXBuildFile; fileRef = 04D249652079C77800EBD1BE /* UIImage+ReSize.m */; };
		04D249882079C77800EBD1BE /* UIColor+Hex.m in Sources */ = {isa = PBXBuildFile; fileRef = 04D249672079C77800EBD1BE /* UIColor+Hex.m */; };
		04D249892079C77800EBD1BE /* UIView+frame.m in Sources */ = {isa = PBXBuildFile; fileRef = 04D2496A2079C77800EBD1BE /* UIView+frame.m */; };
		04D2498A2079C77800EBD1BE /* NSObject+Log.m in Sources */ = {isa = PBXBuildFile; fileRef = 04D2496D2079C77800EBD1BE /* NSObject+Log.m */; };
		04D2498B2079C77800EBD1BE /* UIDevice+DeviceType.m in Sources */ = {isa = PBXBuildFile; fileRef = 04D249722079C77800EBD1BE /* UIDevice+DeviceType.m */; };
		04D2498C2079C77800EBD1BE /* UIDevice+IPAddresses.m in Sources */ = {isa = PBXBuildFile; fileRef = 04D249752079C77800EBD1BE /* UIDevice+IPAddresses.m */; };
		04D2498D2079C77800EBD1BE /* UIImageView+ReSizeImage.m in Sources */ = {isa = PBXBuildFile; fileRef = 04D2497A2079C77800EBD1BE /* UIImageView+ReSizeImage.m */; };
		04D2498E2079C77800EBD1BE /* UIImageView+ColorAtPoint.m in Sources */ = {isa = PBXBuildFile; fileRef = 04D2497B2079C77800EBD1BE /* UIImageView+ColorAtPoint.m */; };
		04D2498F2079C77800EBD1BE /* FileTools.m in Sources */ = {isa = PBXBuildFile; fileRef = 04D2497F2079C77800EBD1BE /* FileTools.m */; };
		04D249902079C77800EBD1BE /* NSDate+Date.m in Sources */ = {isa = PBXBuildFile; fileRef = 04D249832079C77800EBD1BE /* NSDate+Date.m */; };
		04D249922079C7C100EBD1BE /* Languages in Resources */ = {isa = PBXBuildFile; fileRef = 04D249912079C7C000EBD1BE /* Languages */; };
		04D249982079C7F100EBD1BE /* SHLanguageTools.m in Sources */ = {isa = PBXBuildFile; fileRef = 04D249972079C7F100EBD1BE /* SHLanguageTools.m */; };
/* End PBXBuildFile section */

/* Begin PBXFileReference section */
		04D249112079C51900EBD1BE /* SmartHotel.app */ = {isa = PBXFileReference; explicitFileType = wrapper.application; includeInIndex = 0; path = SmartHotel.app; sourceTree = BUILT_PRODUCTS_DIR; };
		04D249142079C51900EBD1BE /* AppDelegate.h */ = {isa = PBXFileReference; lastKnownFileType = sourcecode.c.h; path = AppDelegate.h; sourceTree = "<group>"; };
		04D249152079C51900EBD1BE /* AppDelegate.m */ = {isa = PBXFileReference; lastKnownFileType = sourcecode.c.objc; path = AppDelegate.m; sourceTree = "<group>"; };
		04D249172079C51A00EBD1BE /* ViewController.h */ = {isa = PBXFileReference; lastKnownFileType = sourcecode.c.h; path = ViewController.h; sourceTree = "<group>"; };
		04D249182079C51A00EBD1BE /* ViewController.m */ = {isa = PBXFileReference; lastKnownFileType = sourcecode.c.objc; path = ViewController.m; sourceTree = "<group>"; };
		04D2491B2079C51A00EBD1BE /* Base */ = {isa = PBXFileReference; lastKnownFileType = file.storyboard; name = Base; path = Base.lproj/Main.storyboard; sourceTree = "<group>"; };
		04D2491D2079C51B00EBD1BE /* Assets.xcassets */ = {isa = PBXFileReference; lastKnownFileType = folder.assetcatalog; path = Assets.xcassets; sourceTree = "<group>"; };
		04D249202079C51B00EBD1BE /* Base */ = {isa = PBXFileReference; lastKnownFileType = file.storyboard; name = Base; path = Base.lproj/LaunchScreen.storyboard; sourceTree = "<group>"; };
		04D249222079C51B00EBD1BE /* Info.plist */ = {isa = PBXFileReference; lastKnownFileType = text.plist.xml; path = Info.plist; sourceTree = "<group>"; };
		04D249232079C51B00EBD1BE /* main.m */ = {isa = PBXFileReference; lastKnownFileType = sourcecode.c.objc; path = main.m; sourceTree = "<group>"; };
		04D2495C2079C6E500EBD1BE /* readMe.h */ = {isa = PBXFileReference; lastKnownFileType = sourcecode.c.h; path = readMe.h; sourceTree = "<group>"; };
		04D2495D2079C70000EBD1BE /* SmartHotelPCH.pch */ = {isa = PBXFileReference; lastKnownFileType = sourcecode.c.h; path = SmartHotelPCH.pch; sourceTree = "<group>"; };
		04D249602079C77800EBD1BE /* UIImage+Antialias.m */ = {isa = PBXFileReference; fileEncoding = 4; lastKnownFileType = sourcecode.c.objc; path = "UIImage+Antialias.m"; sourceTree = "<group>"; };
		04D249612079C77800EBD1BE /* UIImage+Rotate.h */ = {isa = PBXFileReference; fileEncoding = 4; lastKnownFileType = sourcecode.c.h; path = "UIImage+Rotate.h"; sourceTree = "<group>"; };
		04D249622079C77800EBD1BE /* UIImage+ReSize.h */ = {isa = PBXFileReference; fileEncoding = 4; lastKnownFileType = sourcecode.c.h; path = "UIImage+ReSize.h"; sourceTree = "<group>"; };
		04D249632079C77800EBD1BE /* UIImage+Antialias.h */ = {isa = PBXFileReference; fileEncoding = 4; lastKnownFileType = sourcecode.c.h; path = "UIImage+Antialias.h"; sourceTree = "<group>"; };
		04D249642079C77800EBD1BE /* UIImage+Rotate.m */ = {isa = PBXFileReference; fileEncoding = 4; lastKnownFileType = sourcecode.c.objc; path = "UIImage+Rotate.m"; sourceTree = "<group>"; };
		04D249652079C77800EBD1BE /* UIImage+ReSize.m */ = {isa = PBXFileReference; fileEncoding = 4; lastKnownFileType = sourcecode.c.objc; path = "UIImage+ReSize.m"; sourceTree = "<group>"; };
		04D249672079C77800EBD1BE /* UIColor+Hex.m */ = {isa = PBXFileReference; fileEncoding = 4; lastKnownFileType = sourcecode.c.objc; path = "UIColor+Hex.m"; sourceTree = "<group>"; };
		04D249682079C77800EBD1BE /* UIColor+Hex.h */ = {isa = PBXFileReference; fileEncoding = 4; lastKnownFileType = sourcecode.c.h; path = "UIColor+Hex.h"; sourceTree = "<group>"; };
		04D2496A2079C77800EBD1BE /* UIView+frame.m */ = {isa = PBXFileReference; fileEncoding = 4; lastKnownFileType = sourcecode.c.objc; path = "UIView+frame.m"; sourceTree = "<group>"; };
		04D2496B2079C77800EBD1BE /* UIView+frame.h */ = {isa = PBXFileReference; fileEncoding = 4; lastKnownFileType = sourcecode.c.h; path = "UIView+frame.h"; sourceTree = "<group>"; };
		04D2496D2079C77800EBD1BE /* NSObject+Log.m */ = {isa = PBXFileReference; fileEncoding = 4; lastKnownFileType = sourcecode.c.objc; path = "NSObject+Log.m"; sourceTree = "<group>"; };
		04D2496E2079C77800EBD1BE /* NSObject+Log.h */ = {isa = PBXFileReference; fileEncoding = 4; lastKnownFileType = sourcecode.c.h; path = "NSObject+Log.h"; sourceTree = "<group>"; };
		04D2496F2079C77800EBD1BE /* PrintLog.h */ = {isa = PBXFileReference; fileEncoding = 4; lastKnownFileType = sourcecode.c.h; path = PrintLog.h; sourceTree = "<group>"; };
		04D249722079C77800EBD1BE /* UIDevice+DeviceType.m */ = {isa = PBXFileReference; fileEncoding = 4; lastKnownFileType = sourcecode.c.objc; path = "UIDevice+DeviceType.m"; sourceTree = "<group>"; };
		04D249732079C77800EBD1BE /* UIDevice+DeviceType.h */ = {isa = PBXFileReference; fileEncoding = 4; lastKnownFileType = sourcecode.c.h; path = "UIDevice+DeviceType.h"; sourceTree = "<group>"; };
		04D249752079C77800EBD1BE /* UIDevice+IPAddresses.m */ = {isa = PBXFileReference; fileEncoding = 4; lastKnownFileType = sourcecode.c.objc; path = "UIDevice+IPAddresses.m"; sourceTree = "<group>"; };
		04D249762079C77800EBD1BE /* UIDevice+IPAddresses.h */ = {isa = PBXFileReference; fileEncoding = 4; lastKnownFileType = sourcecode.c.h; path = "UIDevice+IPAddresses.h"; sourceTree = "<group>"; };
		04D249782079C77800EBD1BE /* UIImageView+ReSizeImage.h */ = {isa = PBXFileReference; fileEncoding = 4; lastKnownFileType = sourcecode.c.h; path = "UIImageView+ReSizeImage.h"; sourceTree = "<group>"; };
		04D249792079C77800EBD1BE /* UIImageView+ColorAtPoint.h */ = {isa = PBXFileReference; fileEncoding = 4; lastKnownFileType = sourcecode.c.h; path = "UIImageView+ColorAtPoint.h"; sourceTree = "<group>"; };
		04D2497A2079C77800EBD1BE /* UIImageView+ReSizeImage.m */ = {isa = PBXFileReference; fileEncoding = 4; lastKnownFileType = sourcecode.c.objc; path = "UIImageView+ReSizeImage.m"; sourceTree = "<group>"; };
		04D2497B2079C77800EBD1BE /* UIImageView+ColorAtPoint.m */ = {isa = PBXFileReference; fileEncoding = 4; lastKnownFileType = sourcecode.c.objc; path = "UIImageView+ColorAtPoint.m"; sourceTree = "<group>"; };
		04D2497D2079C77800EBD1BE /* Singleton.h */ = {isa = PBXFileReference; fileEncoding = 4; lastKnownFileType = sourcecode.c.h; path = Singleton.h; sourceTree = "<group>"; };
		04D2497F2079C77800EBD1BE /* FileTools.m */ = {isa = PBXFileReference; fileEncoding = 4; lastKnownFileType = sourcecode.c.objc; path = FileTools.m; sourceTree = "<group>"; };
		04D249802079C77800EBD1BE /* FileTools.h */ = {isa = PBXFileReference; fileEncoding = 4; lastKnownFileType = sourcecode.c.h; path = FileTools.h; sourceTree = "<group>"; };
		04D249822079C77800EBD1BE /* NSDate+Date.h */ = {isa = PBXFileReference; fileEncoding = 4; lastKnownFileType = sourcecode.c.h; path = "NSDate+Date.h"; sourceTree = "<group>"; };
		04D249832079C77800EBD1BE /* NSDate+Date.m */ = {isa = PBXFileReference; fileEncoding = 4; lastKnownFileType = sourcecode.c.objc; path = "NSDate+Date.m"; sourceTree = "<group>"; };
		04D249842079C77800EBD1BE /* Additional.h */ = {isa = PBXFileReference; fileEncoding = 4; lastKnownFileType = sourcecode.c.h; path = Additional.h; sourceTree = "<group>"; };
		04D249912079C7C000EBD1BE /* Languages */ = {isa = PBXFileReference; lastKnownFileType = folder; path = Languages; sourceTree = "<group>"; };
		04D249962079C7F100EBD1BE /* SHLanguageTools.h */ = {isa = PBXFileReference; lastKnownFileType = sourcecode.c.h; path = SHLanguageTools.h; sourceTree = "<group>"; };
		04D249972079C7F100EBD1BE /* SHLanguageTools.m */ = {isa = PBXFileReference; lastKnownFileType = sourcecode.c.objc; path = SHLanguageTools.m; sourceTree = "<group>"; };
/* End PBXFileReference section */

/* Begin PBXFrameworksBuildPhase section */
		04D2490E2079C51900EBD1BE /* Frameworks */ = {
			isa = PBXFrameworksBuildPhase;
			buildActionMask = 2147483647;
			files = (
			);
			runOnlyForDeploymentPostprocessing = 0;
		};
/* End PBXFrameworksBuildPhase section */

/* Begin PBXGroup section */
		04D249082079C51900EBD1BE = {
			isa = PBXGroup;
			children = (
				04D249132079C51900EBD1BE /* SmartHotel */,
				04D249122079C51900EBD1BE /* Products */,
			);
			sourceTree = "<group>";
		};
		04D249122079C51900EBD1BE /* Products */ = {
			isa = PBXGroup;
			children = (
				04D249112079C51900EBD1BE /* SmartHotel.app */,
			);
			name = Products;
			sourceTree = "<group>";
		};
		04D249132079C51900EBD1BE /* SmartHotel */ = {
			isa = PBXGroup;
			children = (
				04D2492A2079C6CD00EBD1BE /* Classes */,
				04D249142079C51900EBD1BE /* AppDelegate.h */,
				04D249152079C51900EBD1BE /* AppDelegate.m */,
				04D249172079C51A00EBD1BE /* ViewController.h */,
				04D249182079C51A00EBD1BE /* ViewController.m */,
				04D2491A2079C51A00EBD1BE /* Main.storyboard */,
				04D2491D2079C51B00EBD1BE /* Assets.xcassets */,
				04D2491F2079C51B00EBD1BE /* LaunchScreen.storyboard */,
				04D249912079C7C000EBD1BE /* Languages */,
				04D249222079C51B00EBD1BE /* Info.plist */,
				04D249232079C51B00EBD1BE /* main.m */,
			);
			path = SmartHotel;
			sourceTree = "<group>";
		};
		04D2492A2079C6CD00EBD1BE /* Classes */ = {
			isa = PBXGroup;
			children = (
				04D2495C2079C6E500EBD1BE /* readMe.h */,
				04D2495D2079C70000EBD1BE /* SmartHotelPCH.pch */,
				04D2492B2079C6CD00EBD1BE /* DataBase */,
				04D2492C2079C6CD00EBD1BE /* Tools */,
				04D2492D2079C6CD00EBD1BE /* Languages */,
				04D2492E2079C6CD00EBD1BE /* Main */,
				04D2495B2079C6CD00EBD1BE /* Socket */,
			);
			path = Classes;
			sourceTree = "<group>";
		};
		04D2492B2079C6CD00EBD1BE /* DataBase */ = {
			isa = PBXGroup;
			children = (
			);
			path = DataBase;
			sourceTree = "<group>";
		};
		04D2492C2079C6CD00EBD1BE /* Tools */ = {
			isa = PBXGroup;
			children = (
				04D2495E2079C77800EBD1BE /* Additional */,
			);
			path = Tools;
			sourceTree = "<group>";
		};
		04D2492D2079C6CD00EBD1BE /* Languages */ = {
			isa = PBXGroup;
			children = (
				04D249962079C7F100EBD1BE /* SHLanguageTools.h */,
				04D249972079C7F100EBD1BE /* SHLanguageTools.m */,
			);
			path = Languages;
			sourceTree = "<group>";
		};
		04D2492E2079C6CD00EBD1BE /* Main */ = {
			isa = PBXGroup;
			children = (
				04D2492F2079C6CD00EBD1BE /* Home */,
				04D249332079C6CD00EBD1BE /* VIP */,
				04D249372079C6CD00EBD1BE /* Room */,
				04D2493B2079C6CD00EBD1BE /* Curtain */,
				04D2493F2079C6CD00EBD1BE /* Camera */,
				04D249432079C6CD00EBD1BE /* HVAC */,
				04D249472079C6CD00EBD1BE /* TV */,
				04D2494B2079C6CD00EBD1BE /* Light */,
				04D2494F2079C6CD00EBD1BE /* Alarm */,
				04D249532079C6CD00EBD1BE /* Setting */,
				04D249572079C6CD00EBD1BE /* WorldTime */,
			);
			path = Main;
			sourceTree = "<group>";
		};
		04D2492F2079C6CD00EBD1BE /* Home */ = {
			isa = PBXGroup;
			children = (
				04D249302079C6CD00EBD1BE /* Controller */,
				04D249312079C6CD00EBD1BE /* Model */,
				04D249322079C6CD00EBD1BE /* View */,
			);
			path = Home;
			sourceTree = "<group>";
		};
		04D249302079C6CD00EBD1BE /* Controller */ = {
			isa = PBXGroup;
			children = (
			);
			path = Controller;
			sourceTree = "<group>";
		};
		04D249312079C6CD00EBD1BE /* Model */ = {
			isa = PBXGroup;
			children = (
			);
			path = Model;
			sourceTree = "<group>";
		};
		04D249322079C6CD00EBD1BE /* View */ = {
			isa = PBXGroup;
			children = (
			);
			path = View;
			sourceTree = "<group>";
		};
		04D249332079C6CD00EBD1BE /* VIP */ = {
			isa = PBXGroup;
			children = (
				04D249342079C6CD00EBD1BE /* Controller */,
				04D249352079C6CD00EBD1BE /* Model */,
				04D249362079C6CD00EBD1BE /* View */,
			);
			path = VIP;
			sourceTree = "<group>";
		};
		04D249342079C6CD00EBD1BE /* Controller */ = {
			isa = PBXGroup;
			children = (
			);
			path = Controller;
			sourceTree = "<group>";
		};
		04D249352079C6CD00EBD1BE /* Model */ = {
			isa = PBXGroup;
			children = (
			);
			path = Model;
			sourceTree = "<group>";
		};
		04D249362079C6CD00EBD1BE /* View */ = {
			isa = PBXGroup;
			children = (
			);
			path = View;
			sourceTree = "<group>";
		};
		04D249372079C6CD00EBD1BE /* Room */ = {
			isa = PBXGroup;
			children = (
				04D249382079C6CD00EBD1BE /* Controller */,
				04D249392079C6CD00EBD1BE /* Model */,
				04D2493A2079C6CD00EBD1BE /* View */,
			);
			path = Room;
			sourceTree = "<group>";
		};
		04D249382079C6CD00EBD1BE /* Controller */ = {
			isa = PBXGroup;
			children = (
			);
			path = Controller;
			sourceTree = "<group>";
		};
		04D249392079C6CD00EBD1BE /* Model */ = {
			isa = PBXGroup;
			children = (
			);
			path = Model;
			sourceTree = "<group>";
		};
		04D2493A2079C6CD00EBD1BE /* View */ = {
			isa = PBXGroup;
			children = (
			);
			path = View;
			sourceTree = "<group>";
		};
		04D2493B2079C6CD00EBD1BE /* Curtain */ = {
			isa = PBXGroup;
			children = (
				04D2493C2079C6CD00EBD1BE /* Controller */,
				04D2493D2079C6CD00EBD1BE /* Model */,
				04D2493E2079C6CD00EBD1BE /* View */,
			);
			path = Curtain;
			sourceTree = "<group>";
		};
		04D2493C2079C6CD00EBD1BE /* Controller */ = {
			isa = PBXGroup;
			children = (
			);
			path = Controller;
			sourceTree = "<group>";
		};
		04D2493D2079C6CD00EBD1BE /* Model */ = {
			isa = PBXGroup;
			children = (
			);
			path = Model;
			sourceTree = "<group>";
		};
		04D2493E2079C6CD00EBD1BE /* View */ = {
			isa = PBXGroup;
			children = (
			);
			path = View;
			sourceTree = "<group>";
		};
		04D2493F2079C6CD00EBD1BE /* Camera */ = {
			isa = PBXGroup;
			children = (
				04D249402079C6CD00EBD1BE /* Controller */,
				04D249412079C6CD00EBD1BE /* Model */,
				04D249422079C6CD00EBD1BE /* View */,
			);
			path = Camera;
			sourceTree = "<group>";
		};
		04D249402079C6CD00EBD1BE /* Controller */ = {
			isa = PBXGroup;
			children = (
			);
			path = Controller;
			sourceTree = "<group>";
		};
		04D249412079C6CD00EBD1BE /* Model */ = {
			isa = PBXGroup;
			children = (
			);
			path = Model;
			sourceTree = "<group>";
		};
		04D249422079C6CD00EBD1BE /* View */ = {
			isa = PBXGroup;
			children = (
			);
			path = View;
			sourceTree = "<group>";
		};
		04D249432079C6CD00EBD1BE /* HVAC */ = {
			isa = PBXGroup;
			children = (
				04D249442079C6CD00EBD1BE /* Controller */,
				04D249452079C6CD00EBD1BE /* Model */,
				04D249462079C6CD00EBD1BE /* View */,
			);
			path = HVAC;
			sourceTree = "<group>";
		};
		04D249442079C6CD00EBD1BE /* Controller */ = {
			isa = PBXGroup;
			children = (
			);
			path = Controller;
			sourceTree = "<group>";
		};
		04D249452079C6CD00EBD1BE /* Model */ = {
			isa = PBXGroup;
			children = (
			);
			path = Model;
			sourceTree = "<group>";
		};
		04D249462079C6CD00EBD1BE /* View */ = {
			isa = PBXGroup;
			children = (
			);
			path = View;
			sourceTree = "<group>";
		};
		04D249472079C6CD00EBD1BE /* TV */ = {
			isa = PBXGroup;
			children = (
				04D249482079C6CD00EBD1BE /* Controller */,
				04D249492079C6CD00EBD1BE /* Model */,
				04D2494A2079C6CD00EBD1BE /* View */,
			);
			path = TV;
			sourceTree = "<group>";
		};
		04D249482079C6CD00EBD1BE /* Controller */ = {
			isa = PBXGroup;
			children = (
			);
			path = Controller;
			sourceTree = "<group>";
		};
		04D249492079C6CD00EBD1BE /* Model */ = {
			isa = PBXGroup;
			children = (
			);
			path = Model;
			sourceTree = "<group>";
		};
		04D2494A2079C6CD00EBD1BE /* View */ = {
			isa = PBXGroup;
			children = (
			);
			path = View;
			sourceTree = "<group>";
		};
		04D2494B2079C6CD00EBD1BE /* Light */ = {
			isa = PBXGroup;
			children = (
				04D2494C2079C6CD00EBD1BE /* Controller */,
				04D2494D2079C6CD00EBD1BE /* Model */,
				04D2494E2079C6CD00EBD1BE /* View */,
			);
			path = Light;
			sourceTree = "<group>";
		};
		04D2494C2079C6CD00EBD1BE /* Controller */ = {
			isa = PBXGroup;
			children = (
			);
			path = Controller;
			sourceTree = "<group>";
		};
		04D2494D2079C6CD00EBD1BE /* Model */ = {
			isa = PBXGroup;
			children = (
			);
			path = Model;
			sourceTree = "<group>";
		};
		04D2494E2079C6CD00EBD1BE /* View */ = {
			isa = PBXGroup;
			children = (
			);
			path = View;
			sourceTree = "<group>";
		};
		04D2494F2079C6CD00EBD1BE /* Alarm */ = {
			isa = PBXGroup;
			children = (
				04D249502079C6CD00EBD1BE /* Controller */,
				04D249512079C6CD00EBD1BE /* Model */,
				04D249522079C6CD00EBD1BE /* View */,
			);
			path = Alarm;
			sourceTree = "<group>";
		};
		04D249502079C6CD00EBD1BE /* Controller */ = {
			isa = PBXGroup;
			children = (
			);
			path = Controller;
			sourceTree = "<group>";
		};
		04D249512079C6CD00EBD1BE /* Model */ = {
			isa = PBXGroup;
			children = (
			);
			path = Model;
			sourceTree = "<group>";
		};
		04D249522079C6CD00EBD1BE /* View */ = {
			isa = PBXGroup;
			children = (
			);
			path = View;
			sourceTree = "<group>";
		};
		04D249532079C6CD00EBD1BE /* Setting */ = {
			isa = PBXGroup;
			children = (
				04D249542079C6CD00EBD1BE /* Controller */,
				04D249552079C6CD00EBD1BE /* Model */,
				04D249562079C6CD00EBD1BE /* View */,
			);
			path = Setting;
			sourceTree = "<group>";
		};
		04D249542079C6CD00EBD1BE /* Controller */ = {
			isa = PBXGroup;
			children = (
			);
			path = Controller;
			sourceTree = "<group>";
		};
		04D249552079C6CD00EBD1BE /* Model */ = {
			isa = PBXGroup;
			children = (
			);
			path = Model;
			sourceTree = "<group>";
		};
		04D249562079C6CD00EBD1BE /* View */ = {
			isa = PBXGroup;
			children = (
			);
			path = View;
			sourceTree = "<group>";
		};
		04D249572079C6CD00EBD1BE /* WorldTime */ = {
			isa = PBXGroup;
			children = (
				04D249582079C6CD00EBD1BE /* Controller */,
				04D249592079C6CD00EBD1BE /* Model */,
				04D2495A2079C6CD00EBD1BE /* View */,
			);
			path = WorldTime;
			sourceTree = "<group>";
		};
		04D249582079C6CD00EBD1BE /* Controller */ = {
			isa = PBXGroup;
			children = (
			);
			path = Controller;
			sourceTree = "<group>";
		};
		04D249592079C6CD00EBD1BE /* Model */ = {
			isa = PBXGroup;
			children = (
			);
			path = Model;
			sourceTree = "<group>";
		};
		04D2495A2079C6CD00EBD1BE /* View */ = {
			isa = PBXGroup;
			children = (
			);
			path = View;
			sourceTree = "<group>";
		};
		04D2495B2079C6CD00EBD1BE /* Socket */ = {
			isa = PBXGroup;
			children = (
			);
			path = Socket;
			sourceTree = "<group>";
		};
		04D2495E2079C77800EBD1BE /* Additional */ = {
			isa = PBXGroup;
			children = (
				04D2495F2079C77800EBD1BE /* UIImage */,
				04D249662079C77800EBD1BE /* UIColor */,
				04D249692079C77800EBD1BE /* Frame */,
				04D2496C2079C77800EBD1BE /* PrintLog */,
				04D249702079C77800EBD1BE /* UIDevice */,
				04D249772079C77800EBD1BE /* UIImageView */,
				04D2497C2079C77800EBD1BE /* Singleton */,
				04D2497E2079C77800EBD1BE /* FileTools */,
				04D249812079C77800EBD1BE /* NSDate */,
				04D249842079C77800EBD1BE /* Additional.h */,
			);
			path = Additional;
			sourceTree = "<group>";
		};
		04D2495F2079C77800EBD1BE /* UIImage */ = {
			isa = PBXGroup;
			children = (
				04D249602079C77800EBD1BE /* UIImage+Antialias.m */,
				04D249612079C77800EBD1BE /* UIImage+Rotate.h */,
				04D249622079C77800EBD1BE /* UIImage+ReSize.h */,
				04D249632079C77800EBD1BE /* UIImage+Antialias.h */,
				04D249642079C77800EBD1BE /* UIImage+Rotate.m */,
				04D249652079C77800EBD1BE /* UIImage+ReSize.m */,
			);
			path = UIImage;
			sourceTree = "<group>";
		};
		04D249662079C77800EBD1BE /* UIColor */ = {
			isa = PBXGroup;
			children = (
				04D249672079C77800EBD1BE /* UIColor+Hex.m */,
				04D249682079C77800EBD1BE /* UIColor+Hex.h */,
			);
			path = UIColor;
			sourceTree = "<group>";
		};
		04D249692079C77800EBD1BE /* Frame */ = {
			isa = PBXGroup;
			children = (
				04D2496A2079C77800EBD1BE /* UIView+frame.m */,
				04D2496B2079C77800EBD1BE /* UIView+frame.h */,
			);
			path = Frame;
			sourceTree = "<group>";
		};
		04D2496C2079C77800EBD1BE /* PrintLog */ = {
			isa = PBXGroup;
			children = (
				04D2496D2079C77800EBD1BE /* NSObject+Log.m */,
				04D2496E2079C77800EBD1BE /* NSObject+Log.h */,
				04D2496F2079C77800EBD1BE /* PrintLog.h */,
			);
			path = PrintLog;
			sourceTree = "<group>";
		};
		04D249702079C77800EBD1BE /* UIDevice */ = {
			isa = PBXGroup;
			children = (
				04D249712079C77800EBD1BE /* UIDevice+DeviceType */,
				04D249742079C77800EBD1BE /* UIDevice+IPAddresses */,
			);
			path = UIDevice;
			sourceTree = "<group>";
		};
		04D249712079C77800EBD1BE /* UIDevice+DeviceType */ = {
			isa = PBXGroup;
			children = (
				04D249722079C77800EBD1BE /* UIDevice+DeviceType.m */,
				04D249732079C77800EBD1BE /* UIDevice+DeviceType.h */,
			);
			path = "UIDevice+DeviceType";
			sourceTree = "<group>";
		};
		04D249742079C77800EBD1BE /* UIDevice+IPAddresses */ = {
			isa = PBXGroup;
			children = (
				04D249752079C77800EBD1BE /* UIDevice+IPAddresses.m */,
				04D249762079C77800EBD1BE /* UIDevice+IPAddresses.h */,
			);
			path = "UIDevice+IPAddresses";
			sourceTree = "<group>";
		};
		04D249772079C77800EBD1BE /* UIImageView */ = {
			isa = PBXGroup;
			children = (
				04D249782079C77800EBD1BE /* UIImageView+ReSizeImage.h */,
				04D249792079C77800EBD1BE /* UIImageView+ColorAtPoint.h */,
				04D2497A2079C77800EBD1BE /* UIImageView+ReSizeImage.m */,
				04D2497B2079C77800EBD1BE /* UIImageView+ColorAtPoint.m */,
			);
			path = UIImageView;
			sourceTree = "<group>";
		};
		04D2497C2079C77800EBD1BE /* Singleton */ = {
			isa = PBXGroup;
			children = (
				04D2497D2079C77800EBD1BE /* Singleton.h */,
			);
			path = Singleton;
			sourceTree = "<group>";
		};
		04D2497E2079C77800EBD1BE /* FileTools */ = {
			isa = PBXGroup;
			children = (
				04D2497F2079C77800EBD1BE /* FileTools.m */,
				04D249802079C77800EBD1BE /* FileTools.h */,
			);
			path = FileTools;
			sourceTree = "<group>";
		};
		04D249812079C77800EBD1BE /* NSDate */ = {
			isa = PBXGroup;
			children = (
				04D249822079C77800EBD1BE /* NSDate+Date.h */,
				04D249832079C77800EBD1BE /* NSDate+Date.m */,
			);
			path = NSDate;
			sourceTree = "<group>";
		};
/* End PBXGroup section */

/* Begin PBXNativeTarget section */
		04D249102079C51900EBD1BE /* SmartHotel */ = {
			isa = PBXNativeTarget;
			buildConfigurationList = 04D249272079C51B00EBD1BE /* Build configuration list for PBXNativeTarget "SmartHotel" */;
			buildPhases = (
				04D2490D2079C51900EBD1BE /* Sources */,
				04D2490E2079C51900EBD1BE /* Frameworks */,
				04D2490F2079C51900EBD1BE /* Resources */,
			);
			buildRules = (
			);
			dependencies = (
			);
			name = SmartHotel;
			productName = SmartHotel;
			productReference = 04D249112079C51900EBD1BE /* SmartHotel.app */;
			productType = "com.apple.product-type.application";
		};
/* End PBXNativeTarget section */

/* Begin PBXProject section */
		04D249092079C51900EBD1BE /* Project object */ = {
			isa = PBXProject;
			attributes = {
				CLASSPREFIX = SH;
				LastUpgradeCheck = 0930;
				ORGANIZATIONNAME = SmartHome;
				TargetAttributes = {
					04D249102079C51900EBD1BE = {
						CreatedOnToolsVersion = 9.3;
					};
				};
			};
			buildConfigurationList = 04D2490C2079C51900EBD1BE /* Build configuration list for PBXProject "SmartHotel" */;
			compatibilityVersion = "Xcode 9.3";
			developmentRegion = en;
			hasScannedForEncodings = 0;
			knownRegions = (
				en,
				Base,
			);
			mainGroup = 04D249082079C51900EBD1BE;
			productRefGroup = 04D249122079C51900EBD1BE /* Products */;
			projectDirPath = "";
			projectRoot = "";
			targets = (
				04D249102079C51900EBD1BE /* SmartHotel */,
			);
		};
/* End PBXProject section */

/* Begin PBXResourcesBuildPhase section */
		04D2490F2079C51900EBD1BE /* Resources */ = {
			isa = PBXResourcesBuildPhase;
			buildActionMask = 2147483647;
			files = (
				04D249922079C7C100EBD1BE /* Languages in Resources */,
				04D249212079C51B00EBD1BE /* LaunchScreen.storyboard in Resources */,
				04D2491E2079C51B00EBD1BE /* Assets.xcassets in Resources */,
				04D2491C2079C51A00EBD1BE /* Main.storyboard in Resources */,
			);
			runOnlyForDeploymentPostprocessing = 0;
		};
/* End PBXResourcesBuildPhase section */

/* Begin PBXSourcesBuildPhase section */
		04D2490D2079C51900EBD1BE /* Sources */ = {
			isa = PBXSourcesBuildPhase;
			buildActionMask = 2147483647;
			files = (
				04D249892079C77800EBD1BE /* UIView+frame.m in Sources */,
				04D249852079C77800EBD1BE /* UIImage+Antialias.m in Sources */,
				04D249192079C51A00EBD1BE /* ViewController.m in Sources */,
				04D2498F2079C77800EBD1BE /* FileTools.m in Sources */,
				04D249242079C51B00EBD1BE /* main.m in Sources */,
				04D249902079C77800EBD1BE /* NSDate+Date.m in Sources */,
				04D2498D2079C77800EBD1BE /* UIImageView+ReSizeImage.m in Sources */,
				04D249862079C77800EBD1BE /* UIImage+Rotate.m in Sources */,
				04D2498A2079C77800EBD1BE /* NSObject+Log.m in Sources */,
				04D249882079C77800EBD1BE /* UIColor+Hex.m in Sources */,
				04D2498E2079C77800EBD1BE /* UIImageView+ColorAtPoint.m in Sources */,
				04D2498C2079C77800EBD1BE /* UIDevice+IPAddresses.m in Sources */,
				04D249982079C7F100EBD1BE /* SHLanguageTools.m in Sources */,
				04D2498B2079C77800EBD1BE /* UIDevice+DeviceType.m in Sources */,
				04D249162079C51900EBD1BE /* AppDelegate.m in Sources */,
				04D249872079C77800EBD1BE /* UIImage+ReSize.m in Sources */,
			);
			runOnlyForDeploymentPostprocessing = 0;
		};
/* End PBXSourcesBuildPhase section */

/* Begin PBXVariantGroup section */
		04D2491A2079C51A00EBD1BE /* Main.storyboard */ = {
			isa = PBXVariantGroup;
			children = (
				04D2491B2079C51A00EBD1BE /* Base */,
			);
			name = Main.storyboard;
			sourceTree = "<group>";
		};
		04D2491F2079C51B00EBD1BE /* LaunchScreen.storyboard */ = {
			isa = PBXVariantGroup;
			children = (
				04D249202079C51B00EBD1BE /* Base */,
			);
			name = LaunchScreen.storyboard;
			sourceTree = "<group>";
		};
/* End PBXVariantGroup section */

/* Begin XCBuildConfiguration section */
		04D249252079C51B00EBD1BE /* Debug */ = {
			isa = XCBuildConfiguration;
			buildSettings = {
				ALWAYS_SEARCH_USER_PATHS = NO;
				CLANG_ANALYZER_NONNULL = YES;
				CLANG_ANALYZER_NUMBER_OBJECT_CONVERSION = YES_AGGRESSIVE;
				CLANG_CXX_LANGUAGE_STANDARD = "gnu++14";
				CLANG_CXX_LIBRARY = "libc++";
				CLANG_ENABLE_MODULES = YES;
				CLANG_ENABLE_OBJC_ARC = YES;
				CLANG_ENABLE_OBJC_WEAK = YES;
				CLANG_WARN_BLOCK_CAPTURE_AUTORELEASING = YES;
				CLANG_WARN_BOOL_CONVERSION = YES;
				CLANG_WARN_COMMA = YES;
				CLANG_WARN_CONSTANT_CONVERSION = YES;
				CLANG_WARN_DEPRECATED_OBJC_IMPLEMENTATIONS = YES;
				CLANG_WARN_DIRECT_OBJC_ISA_USAGE = YES_ERROR;
				CLANG_WARN_DOCUMENTATION_COMMENTS = YES;
				CLANG_WARN_EMPTY_BODY = YES;
				CLANG_WARN_ENUM_CONVERSION = YES;
				CLANG_WARN_INFINITE_RECURSION = YES;
				CLANG_WARN_INT_CONVERSION = YES;
				CLANG_WARN_NON_LITERAL_NULL_CONVERSION = YES;
				CLANG_WARN_OBJC_IMPLICIT_RETAIN_SELF = YES;
				CLANG_WARN_OBJC_LITERAL_CONVERSION = YES;
				CLANG_WARN_OBJC_ROOT_CLASS = YES_ERROR;
				CLANG_WARN_RANGE_LOOP_ANALYSIS = YES;
				CLANG_WARN_STRICT_PROTOTYPES = YES;
				CLANG_WARN_SUSPICIOUS_MOVE = YES;
				CLANG_WARN_UNGUARDED_AVAILABILITY = YES_AGGRESSIVE;
				CLANG_WARN_UNREACHABLE_CODE = YES;
				CLANG_WARN__DUPLICATE_METHOD_MATCH = YES;
				CODE_SIGN_IDENTITY = "iPhone Developer";
				COPY_PHASE_STRIP = NO;
				DEBUG_INFORMATION_FORMAT = dwarf;
				ENABLE_STRICT_OBJC_MSGSEND = YES;
				ENABLE_TESTABILITY = YES;
				GCC_C_LANGUAGE_STANDARD = gnu11;
				GCC_DYNAMIC_NO_PIC = NO;
				GCC_NO_COMMON_BLOCKS = YES;
				GCC_OPTIMIZATION_LEVEL = 0;
				GCC_PREPROCESSOR_DEFINITIONS = (
					"DEBUG=1",
					"$(inherited)",
				);
				GCC_WARN_64_TO_32_BIT_CONVERSION = YES;
				GCC_WARN_ABOUT_RETURN_TYPE = YES_ERROR;
				GCC_WARN_UNDECLARED_SELECTOR = YES;
				GCC_WARN_UNINITIALIZED_AUTOS = YES_AGGRESSIVE;
				GCC_WARN_UNUSED_FUNCTION = YES;
				GCC_WARN_UNUSED_VARIABLE = YES;
				IPHONEOS_DEPLOYMENT_TARGET = 11.3;
				MTL_ENABLE_DEBUG_INFO = YES;
				ONLY_ACTIVE_ARCH = YES;
				SDKROOT = iphoneos;
			};
			name = Debug;
		};
		04D249262079C51B00EBD1BE /* Release */ = {
			isa = XCBuildConfiguration;
			buildSettings = {
				ALWAYS_SEARCH_USER_PATHS = NO;
				CLANG_ANALYZER_NONNULL = YES;
				CLANG_ANALYZER_NUMBER_OBJECT_CONVERSION = YES_AGGRESSIVE;
				CLANG_CXX_LANGUAGE_STANDARD = "gnu++14";
				CLANG_CXX_LIBRARY = "libc++";
				CLANG_ENABLE_MODULES = YES;
				CLANG_ENABLE_OBJC_ARC = YES;
				CLANG_ENABLE_OBJC_WEAK = YES;
				CLANG_WARN_BLOCK_CAPTURE_AUTORELEASING = YES;
				CLANG_WARN_BOOL_CONVERSION = YES;
				CLANG_WARN_COMMA = YES;
				CLANG_WARN_CONSTANT_CONVERSION = YES;
				CLANG_WARN_DEPRECATED_OBJC_IMPLEMENTATIONS = YES;
				CLANG_WARN_DIRECT_OBJC_ISA_USAGE = YES_ERROR;
				CLANG_WARN_DOCUMENTATION_COMMENTS = YES;
				CLANG_WARN_EMPTY_BODY = YES;
				CLANG_WARN_ENUM_CONVERSION = YES;
				CLANG_WARN_INFINITE_RECURSION = YES;
				CLANG_WARN_INT_CONVERSION = YES;
				CLANG_WARN_NON_LITERAL_NULL_CONVERSION = YES;
				CLANG_WARN_OBJC_IMPLICIT_RETAIN_SELF = YES;
				CLANG_WARN_OBJC_LITERAL_CONVERSION = YES;
				CLANG_WARN_OBJC_ROOT_CLASS = YES_ERROR;
				CLANG_WARN_RANGE_LOOP_ANALYSIS = YES;
				CLANG_WARN_STRICT_PROTOTYPES = YES;
				CLANG_WARN_SUSPICIOUS_MOVE = YES;
				CLANG_WARN_UNGUARDED_AVAILABILITY = YES_AGGRESSIVE;
				CLANG_WARN_UNREACHABLE_CODE = YES;
				CLANG_WARN__DUPLICATE_METHOD_MATCH = YES;
				CODE_SIGN_IDENTITY = "iPhone Developer";
				COPY_PHASE_STRIP = NO;
				DEBUG_INFORMATION_FORMAT = "dwarf-with-dsym";
				ENABLE_NS_ASSERTIONS = NO;
				ENABLE_STRICT_OBJC_MSGSEND = YES;
				GCC_C_LANGUAGE_STANDARD = gnu11;
				GCC_NO_COMMON_BLOCKS = YES;
				GCC_WARN_64_TO_32_BIT_CONVERSION = YES;
				GCC_WARN_ABOUT_RETURN_TYPE = YES_ERROR;
				GCC_WARN_UNDECLARED_SELECTOR = YES;
				GCC_WARN_UNINITIALIZED_AUTOS = YES_AGGRESSIVE;
				GCC_WARN_UNUSED_FUNCTION = YES;
				GCC_WARN_UNUSED_VARIABLE = YES;
				IPHONEOS_DEPLOYMENT_TARGET = 11.3;
				MTL_ENABLE_DEBUG_INFO = NO;
				SDKROOT = iphoneos;
				VALIDATE_PRODUCT = YES;
			};
			name = Release;
		};
		04D249282079C51B00EBD1BE /* Debug */ = {
			isa = XCBuildConfiguration;
			buildSettings = {
				ASSETCATALOG_COMPILER_APPICON_NAME = AppIcon;
				CODE_SIGN_STYLE = Manual;
				DEVELOPMENT_TEAM = "";
				GCC_PREFIX_HEADER = "$(SRCROOT)/SmartHotel/Classes/SmartHotelPCH.pch";
				INFOPLIST_FILE = SmartHotel/Info.plist;
				IPHONEOS_DEPLOYMENT_TARGET = 9.0;
				LD_RUNPATH_SEARCH_PATHS = (
					"$(inherited)",
					"@executable_path/Frameworks",
				);
				PRODUCT_BUNDLE_IDENTIFIER = Mark.SmartHotel;
				PRODUCT_NAME = "$(TARGET_NAME)";
				PROVISIONING_PROFILE_SPECIFIER = "";
				TARGETED_DEVICE_FAMILY = 2;
			};
			name = Debug;
		};
		04D249292079C51B00EBD1BE /* Release */ = {
			isa = XCBuildConfiguration;
			buildSettings = {
				ASSETCATALOG_COMPILER_APPICON_NAME = AppIcon;
				CODE_SIGN_STYLE = Manual;
				DEVELOPMENT_TEAM = "";
				GCC_PREFIX_HEADER = "$(SRCROOT)/SmartHotel/Classes/SmartHotelPCH.pch";
				INFOPLIST_FILE = SmartHotel/Info.plist;
				IPHONEOS_DEPLOYMENT_TARGET = 9.0;
				LD_RUNPATH_SEARCH_PATHS = (
					"$(inherited)",
					"@executable_path/Frameworks",
				);
				PRODUCT_BUNDLE_IDENTIFIER = Mark.SmartHotel;
				PRODUCT_NAME = "$(TARGET_NAME)";
				PROVISIONING_PROFILE_SPECIFIER = "";
				TARGETED_DEVICE_FAMILY = 2;
			};
			name = Release;
		};
/* End XCBuildConfiguration section */

/* Begin XCConfigurationList section */
		04D2490C2079C51900EBD1BE /* Build configuration list for PBXProject "SmartHotel" */ = {
			isa = XCConfigurationList;
			buildConfigurations = (
				04D249252079C51B00EBD1BE /* Debug */,
				04D249262079C51B00EBD1BE /* Release */,
			);
			defaultConfigurationIsVisible = 0;
			defaultConfigurationName = Release;
		};
		04D249272079C51B00EBD1BE /* Build configuration list for PBXNativeTarget "SmartHotel" */ = {
			isa = XCConfigurationList;
			buildConfigurations = (
				04D249282079C51B00EBD1BE /* Debug */,
				04D249292079C51B00EBD1BE /* Release */,
			);
			defaultConfigurationIsVisible = 0;
			defaultConfigurationName = Release;
		};
/* End XCConfigurationList section */
	};
	rootObject = 04D249092079C51900EBD1BE /* Project object */;
}
