PODS:
  - AFNetworking (3.2.0):
    - AFNetworking/NSURLSession (= 3.2.0)
    - AFNetworking/Reachability (= 3.2.0)
    - AFNetworking/Security (= 3.2.0)
    - AFNetworking/Serialization (= 3.2.0)
    - AFNetworking/UIKit (= 3.2.0)
  - AFNetworking/NSURLSession (3.2.0):
    - AFNetworking/Reachability
    - AFNetworking/Security
    - AFNetworking/Serialization
  - AFNetworking/Reachability (3.2.0)
  - AFNetworking/Security (3.2.0)
  - AFNetworking/Serialization (3.2.0)
  - AFNetworking/UIKit (3.2.0):
    - AFNetworking/NSURLSession
  - CocoaAsyncSocket (7.6.3)
  - FMDB (2.7.2):
    - FMDB/standard (= 2.7.2)
  - FMDB/standard (2.7.2)
  - SAMKeychain (1.5.3)
  - SVProgressHUD (2.2.5)
  - TYAlertController (1.2.0)

DEPENDENCIES:
  - AFNetworking
  - CocoaAsyncSocket
  - FMDB
  - SAMKeychain
  - SVProgressHUD
  - TYAlertController

SPEC REPOS:
  https://github.com/CocoaPods/Specs.git:
    - AFNetworking
    - CocoaAsyncSocket
    - FMDB
    - SAMKeychain
    - SVProgressHUD
    - TYAlertController

SPEC CHECKSUMS:
  AFNetworking: 8ac6017b94ea105479f7776e5288e48ae9c59bb4
  CocoaAsyncSocket: eafaa68a7e0ec99ead0a7b35015e0bf25d2c8987
  FMDB: 6198a90e7b6900cfc046e6bc0ef6ebb7be9236aa
  SAMKeychain: 483e1c9f32984d50ca961e26818a534283b4cd5c
  SVProgressHUD: 1428aafac632c1f86f62aa4243ec12008d7a51d6
  TYAlertController: c121090edb0bea7426f987da94cdddd81eef4231

PODFILE CHECKSUM: 63d638f71a85192da143cce28cc651e18ec4abf7

COCOAPODS: 1.5.0
